
Microsoft Visual Studio Solution File, Format Version 12.00
# Visual Studio Version 17
VisualStudioVersion = 17.7.34024.191
MinimumVisualStudioVersion = 10.0.40219.1
Project("{9A19103F-16F7-4668-BE54-9A1E7A4F7556}") = "AniKingdom", "AniKingdom\AniKingdom.csproj", "{6F3C4B73-EBCC-4968-8B4B-BB2B724740DC}"
EndProject
Project("{FAE04EC0-301F-11D3-BF4B-00C04F79EFBC}") = "using System;", "using System;\using System;.csproj", "{8AC9F108-8E75-4440-A526-15C60C9D770C}"
EndProject
Global
	GlobalSection(SolutionConfigurationPlatforms) = preSolution
		Debug|Any CPU = Debug|Any CPU
		Release|Any CPU = Release|Any CPU
	EndGlobalSection
	GlobalSection(ProjectConfigurationPlatforms) = postSolution
		{6F3C4B73-EBCC-4968-8B4B-BB2B724740DC}.Debug|Any CPU.ActiveCfg = Debug|Any CPU
		{6F3C4B73-EBCC-4968-8B4B-BB2B724740DC}.Debug|Any CPU.Build.0 = Debug|Any CPU
		{6F3C4B73-EBCC-4968-8B4B-BB2B724740DC}.Release|Any CPU.ActiveCfg = Release|Any CPU
		{6F3C4B73-EBCC-4968-8B4B-BB2B724740DC}.Release|Any CPU.Build.0 = Release|Any CPU
		{8AC9F108-8E75-4440-A526-15C60C9D770C}.Debug|Any CPU.ActiveCfg = Debug|Any CPU
		{8AC9F108-8E75-4440-A526-15C60C9D770C}.Debug|Any CPU.Build.0 = Debug|Any CPU
		{8AC9F108-8E75-4440-A526-15C60C9D770C}.Release|Any CPU.ActiveCfg = Release|Any CPU
		{8AC9F108-8E75-4440-A526-15C60C9D770C}.Release|Any CPU.Build.0 = Release|Any CPU
	EndGlobalSection
	GlobalSection(SolutionProperties) = preSolution
		HideSolutionNode = FALSE
	EndGlobalSection
	GlobalSection(ExtensibilityGlobals) = postSolution
		SolutionGuid = {59102D21-888D-4891-96FD-2868D8CFF93D}
	EndGlobalSection
EndGlobal
